// !$*UTF8*$!
{
	archiveVersion = 1;
	classes = {
	};
	objectVersion = 56;
	objects = {

/* Begin PBXBuildFile section */
		678466642ACC2901002A2371 /* WeatherVibesApp.swift in Sources */ = {isa = PBXBuildFile; fileRef = 678466632ACC2901002A2371 /* WeatherVibesApp.swift */; };
		678466662ACC2901002A2371 /* ContentView.swift in Sources */ = {isa = PBXBuildFile; fileRef = 678466652ACC2901002A2371 /* ContentView.swift */; };
		678466682ACC2902002A2371 /* Assets.xcassets in Resources */ = {isa = PBXBuildFile; fileRef = 678466672ACC2902002A2371 /* Assets.xcassets */; };
		6784666C2ACC2902002A2371 /* Preview Assets.xcassets in Resources */ = {isa = PBXBuildFile; fileRef = 6784666B2ACC2902002A2371 /* Preview Assets.xcassets */; };
		67A353EE2ACC422A001DCC88 /* FrontpageView.swift in Sources */ = {isa = PBXBuildFile; fileRef = 67A353ED2ACC422A001DCC88 /* FrontpageView.swift */; };
		67A353F12ACC475A001DCC88 /* WeatherVibesLocationManager.swift in Sources */ = {isa = PBXBuildFile; fileRef = 67A353F02ACC475A001DCC88 /* WeatherVibesLocationManager.swift */; };
		67A353F62ACD7D59001DCC88 /* ApiClient.swift in Sources */ = {isa = PBXBuildFile; fileRef = 67A353F52ACD7D59001DCC88 /* ApiClient.swift */; };
		67A353F82ACED239001DCC88 /* PlayerView.swift in Sources */ = {isa = PBXBuildFile; fileRef = 67A353F72ACED239001DCC88 /* PlayerView.swift */; };
		67E580E52AFBA9E6002E0621 /* weatherSymbolMappings.json in Resources */ = {isa = PBXBuildFile; fileRef = 67E580E42AFBA9E6002E0621 /* weatherSymbolMappings.json */; };
		67E580E72AFBB544002E0621 /* Weather.swift in Sources */ = {isa = PBXBuildFile; fileRef = 67E580E62AFBB544002E0621 /* Weather.swift */; };
		67E580E92AFBB56B002E0621 /* Page.swift in Sources */ = {isa = PBXBuildFile; fileRef = 67E580E82AFBB56B002E0621 /* Page.swift */; };
		67E580EC2AFBC976002E0621 /* Manifest.swift in Sources */ = {isa = PBXBuildFile; fileRef = 67E580EB2AFBC976002E0621 /* Manifest.swift */; };
/* End PBXBuildFile section */

/* Begin PBXFileReference section */
		678466602ACC2901002A2371 /* WeatherVibes.app */ = {isa = PBXFileReference; explicitFileType = wrapper.application; includeInIndex = 0; path = WeatherVibes.app; sourceTree = BUILT_PRODUCTS_DIR; };
		678466632ACC2901002A2371 /* WeatherVibesApp.swift */ = {isa = PBXFileReference; lastKnownFileType = sourcecode.swift; path = WeatherVibesApp.swift; sourceTree = "<group>"; };
		678466652ACC2901002A2371 /* ContentView.swift */ = {isa = PBXFileReference; lastKnownFileType = sourcecode.swift; path = ContentView.swift; sourceTree = "<group>"; };
		678466672ACC2902002A2371 /* Assets.xcassets */ = {isa = PBXFileReference; lastKnownFileType = folder.assetcatalog; path = Assets.xcassets; sourceTree = "<group>"; };
		678466692ACC2902002A2371 /* WeatherVibes.entitlements */ = {isa = PBXFileReference; lastKnownFileType = text.plist.entitlements; path = WeatherVibes.entitlements; sourceTree = "<group>"; };
		6784666B2ACC2902002A2371 /* Preview Assets.xcassets */ = {isa = PBXFileReference; lastKnownFileType = folder.assetcatalog; path = "Preview Assets.xcassets"; sourceTree = "<group>"; };
		67A353ED2ACC422A001DCC88 /* FrontpageView.swift */ = {isa = PBXFileReference; lastKnownFileType = sourcecode.swift; path = FrontpageView.swift; sourceTree = "<group>"; };
		67A353EF2ACC45BC001DCC88 /* Info.plist */ = {isa = PBXFileReference; lastKnownFileType = text.plist; path = Info.plist; sourceTree = "<group>"; };
		67A353F02ACC475A001DCC88 /* WeatherVibesLocationManager.swift */ = {isa = PBXFileReference; lastKnownFileType = sourcecode.swift; path = WeatherVibesLocationManager.swift; sourceTree = "<group>"; };
		67A353F52ACD7D59001DCC88 /* ApiClient.swift */ = {isa = PBXFileReference; lastKnownFileType = sourcecode.swift; path = ApiClient.swift; sourceTree = "<group>"; };
		67A353F72ACED239001DCC88 /* PlayerView.swift */ = {isa = PBXFileReference; lastKnownFileType = sourcecode.swift; path = PlayerView.swift; sourceTree = "<group>"; };
		67E580E42AFBA9E6002E0621 /* weatherSymbolMappings.json */ = {isa = PBXFileReference; fileEncoding = 4; lastKnownFileType = text.json; path = weatherSymbolMappings.json; sourceTree = "<group>"; };
		67E580E62AFBB544002E0621 /* Weather.swift */ = {isa = PBXFileReference; lastKnownFileType = sourcecode.swift; path = Weather.swift; sourceTree = "<group>"; };
		67E580E82AFBB56B002E0621 /* Page.swift */ = {isa = PBXFileReference; lastKnownFileType = sourcecode.swift; path = Page.swift; sourceTree = "<group>"; };
		67E580EB2AFBC976002E0621 /* Manifest.swift */ = {isa = PBXFileReference; lastKnownFileType = sourcecode.swift; path = Manifest.swift; sourceTree = "<group>"; };
/* End PBXFileReference section */

/* Begin PBXFrameworksBuildPhase section */
		6784665D2ACC2901002A2371 /* Frameworks */ = {
			isa = PBXFrameworksBuildPhase;
			buildActionMask = 2147483647;
			files = (
			);
			runOnlyForDeploymentPostprocessing = 0;
		};
/* End PBXFrameworksBuildPhase section */

/* Begin PBXGroup section */
		678466572ACC2901002A2371 = {
			isa = PBXGroup;
			children = (
				678466622ACC2901002A2371 /* WeatherVibes */,
				678466612ACC2901002A2371 /* Products */,
			);
			sourceTree = "<group>";
		};
		678466612ACC2901002A2371 /* Products */ = {
			isa = PBXGroup;
			children = (
				678466602ACC2901002A2371 /* WeatherVibes.app */,
			);
			name = Products;
			sourceTree = "<group>";
		};
		678466622ACC2901002A2371 /* WeatherVibes */ = {
			isa = PBXGroup;
			children = (
				678466632ACC2901002A2371 /* WeatherVibesApp.swift */,
				67E580EA2AFBB580002E0621 /* Models */,
				67A353EC2ACC41EB001DCC88 /* Views */,
				67A353F02ACC475A001DCC88 /* WeatherVibesLocationManager.swift */,
				67A353EF2ACC45BC001DCC88 /* Info.plist */,
				678466672ACC2902002A2371 /* Assets.xcassets */,
				67E580E42AFBA9E6002E0621 /* weatherSymbolMappings.json */,
				678466692ACC2902002A2371 /* WeatherVibes.entitlements */,
				6784666A2ACC2902002A2371 /* Preview Content */,
				67A353F52ACD7D59001DCC88 /* ApiClient.swift */,
			);
			path = WeatherVibes;
			sourceTree = "<group>";
		};
		6784666A2ACC2902002A2371 /* Preview Content */ = {
			isa = PBXGroup;
			children = (
				6784666B2ACC2902002A2371 /* Preview Assets.xcassets */,
			);
			path = "Preview Content";
			sourceTree = "<group>";
		};
		67A353EC2ACC41EB001DCC88 /* Views */ = {
			isa = PBXGroup;
			children = (
				67A353ED2ACC422A001DCC88 /* FrontpageView.swift */,
				67A353F72ACED239001DCC88 /* PlayerView.swift */,
				678466652ACC2901002A2371 /* ContentView.swift */,
			);
			path = Views;
			sourceTree = "<group>";
		};
		67E580EA2AFBB580002E0621 /* Models */ = {
			isa = PBXGroup;
			children = (
				67E580E82AFBB56B002E0621 /* Page.swift */,
				67E580E62AFBB544002E0621 /* Weather.swift */,
				67E580EB2AFBC976002E0621 /* Manifest.swift */,
			);
			path = Models;
			sourceTree = "<group>";
		};
/* End PBXGroup section */

/* Begin PBXNativeTarget section */
		6784665F2ACC2901002A2371 /* WeatherVibes */ = {
			isa = PBXNativeTarget;
			buildConfigurationList = 6784666F2ACC2902002A2371 /* Build configuration list for PBXNativeTarget "WeatherVibes" */;
			buildPhases = (
				6784665C2ACC2901002A2371 /* Sources */,
				6784665D2ACC2901002A2371 /* Frameworks */,
				6784665E2ACC2901002A2371 /* Resources */,
			);
			buildRules = (
			);
			dependencies = (
			);
			name = WeatherVibes;
			productName = WeatherVibes;
			productReference = 678466602ACC2901002A2371 /* WeatherVibes.app */;
			productType = "com.apple.product-type.application";
		};
/* End PBXNativeTarget section */

/* Begin PBXProject section */
		678466582ACC2901002A2371 /* Project object */ = {
			isa = PBXProject;
			attributes = {
				BuildIndependentTargetsInParallel = 1;
				LastSwiftUpdateCheck = 1500;
				LastUpgradeCheck = 1500;
				TargetAttributes = {
					6784665F2ACC2901002A2371 = {
						CreatedOnToolsVersion = 15.0;
					};
				};
			};
			buildConfigurationList = 6784665B2ACC2901002A2371 /* Build configuration list for PBXProject "WeatherVibes" */;
			compatibilityVersion = "Xcode 14.0";
			developmentRegion = en;
			hasScannedForEncodings = 0;
			knownRegions = (
				en,
				Base,
			);
			mainGroup = 678466572ACC2901002A2371;
			productRefGroup = 678466612ACC2901002A2371 /* Products */;
			projectDirPath = "";
			projectRoot = "";
			targets = (
				6784665F2ACC2901002A2371 /* WeatherVibes */,
			);
		};
/* End PBXProject section */

/* Begin PBXResourcesBuildPhase section */
		6784665E2ACC2901002A2371 /* Resources */ = {
			isa = PBXResourcesBuildPhase;
			buildActionMask = 2147483647;
			files = (
				6784666C2ACC2902002A2371 /* Preview Assets.xcassets in Resources */,
				67E580E52AFBA9E6002E0621 /* weatherSymbolMappings.json in Resources */,
				678466682ACC2902002A2371 /* Assets.xcassets in Resources */,
			);
			runOnlyForDeploymentPostprocessing = 0;
		};
/* End PBXResourcesBuildPhase section */

/* Begin PBXSourcesBuildPhase section */
		6784665C2ACC2901002A2371 /* Sources */ = {
			isa = PBXSourcesBuildPhase;
			buildActionMask = 2147483647;
			files = (
				67A353EE2ACC422A001DCC88 /* FrontpageView.swift in Sources */,
				678466662ACC2901002A2371 /* ContentView.swift in Sources */,
				67E580E92AFBB56B002E0621 /* Page.swift in Sources */,
				678466642ACC2901002A2371 /* WeatherVibesApp.swift in Sources */,
				67A353F82ACED239001DCC88 /* PlayerView.swift in Sources */,
				67E580EC2AFBC976002E0621 /* Manifest.swift in Sources */,
				67A353F12ACC475A001DCC88 /* WeatherVibesLocationManager.swift in Sources */,
				67A353F62ACD7D59001DCC88 /* ApiClient.swift in Sources */,
				67E580E72AFBB544002E0621 /* Weather.swift in Sources */,
			);
			runOnlyForDeploymentPostprocessing = 0;
		};
/* End PBXSourcesBuildPhase section */

/* Begin XCBuildConfiguration section */
		6784666D2ACC2902002A2371 /* Debug */ = {
			isa = XCBuildConfiguration;
			buildSettings = {
				ALWAYS_SEARCH_USER_PATHS = NO;
				ASSETCATALOG_COMPILER_GENERATE_SWIFT_ASSET_SYMBOL_EXTENSIONS = YES;
				CLANG_ANALYZER_NONNULL = YES;
				CLANG_ANALYZER_NUMBER_OBJECT_CONVERSION = YES_AGGRESSIVE;
				CLANG_CXX_LANGUAGE_STANDARD = "gnu++20";
				CLANG_ENABLE_MODULES = YES;
				CLANG_ENABLE_OBJC_ARC = YES;
				CLANG_ENABLE_OBJC_WEAK = YES;
				CLANG_WARN_BLOCK_CAPTURE_AUTORELEASING = YES;
				CLANG_WARN_BOOL_CONVERSION = YES;
				CLANG_WARN_COMMA = YES;
				CLANG_WARN_CONSTANT_CONVERSION = YES;
				CLANG_WARN_DEPRECATED_OBJC_IMPLEMENTATIONS = YES;
				CLANG_WARN_DIRECT_OBJC_ISA_USAGE = YES_ERROR;
				CLANG_WARN_DOCUMENTATION_COMMENTS = YES;
				CLANG_WARN_EMPTY_BODY = YES;
				CLANG_WARN_ENUM_CONVERSION = YES;
				CLANG_WARN_INFINITE_RECURSION = YES;
				CLANG_WARN_INT_CONVERSION = YES;
				CLANG_WARN_NON_LITERAL_NULL_CONVERSION = YES;
				CLANG_WARN_OBJC_IMPLICIT_RETAIN_SELF = YES;
				CLANG_WARN_OBJC_LITERAL_CONVERSION = YES;
				CLANG_WARN_OBJC_ROOT_CLASS = YES_ERROR;
				CLANG_WARN_QUOTED_INCLUDE_IN_FRAMEWORK_HEADER = YES;
				CLANG_WARN_RANGE_LOOP_ANALYSIS = YES;
				CLANG_WARN_STRICT_PROTOTYPES = YES;
				CLANG_WARN_SUSPICIOUS_MOVE = YES;
				CLANG_WARN_UNGUARDED_AVAILABILITY = YES_AGGRESSIVE;
				CLANG_WARN_UNREACHABLE_CODE = YES;
				CLANG_WARN__DUPLICATE_METHOD_MATCH = YES;
				COPY_PHASE_STRIP = NO;
				DEBUG_INFORMATION_FORMAT = dwarf;
				ENABLE_STRICT_OBJC_MSGSEND = YES;
				ENABLE_TESTABILITY = YES;
				ENABLE_USER_SCRIPT_SANDBOXING = YES;
				GCC_C_LANGUAGE_STANDARD = gnu17;
				GCC_DYNAMIC_NO_PIC = NO;
				GCC_NO_COMMON_BLOCKS = YES;
				GCC_OPTIMIZATION_LEVEL = 0;
				GCC_PREPROCESSOR_DEFINITIONS = (
					"DEBUG=1",
					"$(inherited)",
				);
				GCC_WARN_64_TO_32_BIT_CONVERSION = YES;
				GCC_WARN_ABOUT_RETURN_TYPE = YES_ERROR;
				GCC_WARN_UNDECLARED_SELECTOR = YES;
				GCC_WARN_UNINITIALIZED_AUTOS = YES_AGGRESSIVE;
				GCC_WARN_UNUSED_FUNCTION = YES;
				GCC_WARN_UNUSED_VARIABLE = YES;
				LOCALIZATION_PREFERS_STRING_CATALOGS = YES;
				MTL_ENABLE_DEBUG_INFO = INCLUDE_SOURCE;
				MTL_FAST_MATH = YES;
				ONLY_ACTIVE_ARCH = YES;
				SWIFT_ACTIVE_COMPILATION_CONDITIONS = "DEBUG $(inherited)";
				SWIFT_OPTIMIZATION_LEVEL = "-Onone";
			};
			name = Debug;
		};
		6784666E2ACC2902002A2371 /* Release */ = {
			isa = XCBuildConfiguration;
			buildSettings = {
				ALWAYS_SEARCH_USER_PATHS = NO;
				ASSETCATALOG_COMPILER_GENERATE_SWIFT_ASSET_SYMBOL_EXTENSIONS = YES;
				CLANG_ANALYZER_NONNULL = YES;
				CLANG_ANALYZER_NUMBER_OBJECT_CONVERSION = YES_AGGRESSIVE;
				CLANG_CXX_LANGUAGE_STANDARD = "gnu++20";
				CLANG_ENABLE_MODULES = YES;
				CLANG_ENABLE_OBJC_ARC = YES;
				CLANG_ENABLE_OBJC_WEAK = YES;
				CLANG_WARN_BLOCK_CAPTURE_AUTORELEASING = YES;
				CLANG_WARN_BOOL_CONVERSION = YES;
				CLANG_WARN_COMMA = YES;
				CLANG_WARN_CONSTANT_CONVERSION = YES;
				CLANG_WARN_DEPRECATED_OBJC_IMPLEMENTATIONS = YES;
				CLANG_WARN_DIRECT_OBJC_ISA_USAGE = YES_ERROR;
				CLANG_WARN_DOCUMENTATION_COMMENTS = YES;
				CLANG_WARN_EMPTY_BODY = YES;
				CLANG_WARN_ENUM_CONVERSION = YES;
				CLANG_WARN_INFINITE_RECURSION = YES;
				CLANG_WARN_INT_CONVERSION = YES;
				CLANG_WARN_NON_LITERAL_NULL_CONVERSION = YES;
				CLANG_WARN_OBJC_IMPLICIT_RETAIN_SELF = YES;
				CLANG_WARN_OBJC_LITERAL_CONVERSION = YES;
				CLANG_WARN_OBJC_ROOT_CLASS = YES_ERROR;
				CLANG_WARN_QUOTED_INCLUDE_IN_FRAMEWORK_HEADER = YES;
				CLANG_WARN_RANGE_LOOP_ANALYSIS = YES;
				CLANG_WARN_STRICT_PROTOTYPES = YES;
				CLANG_WARN_SUSPICIOUS_MOVE = YES;
				CLANG_WARN_UNGUARDED_AVAILABILITY = YES_AGGRESSIVE;
				CLANG_WARN_UNREACHABLE_CODE = YES;
				CLANG_WARN__DUPLICATE_METHOD_MATCH = YES;
				COPY_PHASE_STRIP = NO;
				DEBUG_INFORMATION_FORMAT = "dwarf-with-dsym";
				ENABLE_NS_ASSERTIONS = NO;
				ENABLE_STRICT_OBJC_MSGSEND = YES;
				ENABLE_USER_SCRIPT_SANDBOXING = YES;
				GCC_C_LANGUAGE_STANDARD = gnu17;
				GCC_NO_COMMON_BLOCKS = YES;
				GCC_WARN_64_TO_32_BIT_CONVERSION = YES;
				GCC_WARN_ABOUT_RETURN_TYPE = YES_ERROR;
				GCC_WARN_UNDECLARED_SELECTOR = YES;
				GCC_WARN_UNINITIALIZED_AUTOS = YES_AGGRESSIVE;
				GCC_WARN_UNUSED_FUNCTION = YES;
				GCC_WARN_UNUSED_VARIABLE = YES;
				LOCALIZATION_PREFERS_STRING_CATALOGS = YES;
				MTL_ENABLE_DEBUG_INFO = NO;
				MTL_FAST_MATH = YES;
				SWIFT_COMPILATION_MODE = wholemodule;
			};
			name = Release;
		};
		678466702ACC2902002A2371 /* Debug */ = {
			isa = XCBuildConfiguration;
			buildSettings = {
				ASSETCATALOG_COMPILER_APPICON_NAME = AppIcon;
				ASSETCATALOG_COMPILER_GLOBAL_ACCENT_COLOR_NAME = AccentColor;
				CODE_SIGN_ENTITLEMENTS = WeatherVibes/WeatherVibes.entitlements;
				CODE_SIGN_STYLE = Automatic;
				CURRENT_PROJECT_VERSION = 1;
				DEVELOPMENT_ASSET_PATHS = "\"WeatherVibes/Preview Content\"";
				DEVELOPMENT_TEAM = 3VTRE2U565;
				ENABLE_HARDENED_RUNTIME = YES;
				ENABLE_PREVIEWS = YES;
				GENERATE_INFOPLIST_FILE = YES;
				INFOPLIST_FILE = WeatherVibes/Info.plist;
				INFOPLIST_KEY_NSLocationAlwaysAndWhenInUseUsageDescription = "\"Vi trenger din lokasjon for å hente været der du er, akkurat nå.\"";
				"INFOPLIST_KEY_UIApplicationSceneManifest_Generation[sdk=iphoneos*]" = YES;
				"INFOPLIST_KEY_UIApplicationSceneManifest_Generation[sdk=iphonesimulator*]" = YES;
				"INFOPLIST_KEY_UIApplicationSupportsIndirectInputEvents[sdk=iphoneos*]" = YES;
				"INFOPLIST_KEY_UIApplicationSupportsIndirectInputEvents[sdk=iphonesimulator*]" = YES;
				"INFOPLIST_KEY_UILaunchScreen_Generation[sdk=iphoneos*]" = YES;
				"INFOPLIST_KEY_UILaunchScreen_Generation[sdk=iphonesimulator*]" = YES;
				"INFOPLIST_KEY_UIStatusBarStyle[sdk=iphoneos*]" = UIStatusBarStyleDefault;
				"INFOPLIST_KEY_UIStatusBarStyle[sdk=iphonesimulator*]" = UIStatusBarStyleDefault;
				INFOPLIST_KEY_UISupportedInterfaceOrientations_iPad = "UIInterfaceOrientationPortrait UIInterfaceOrientationPortraitUpsideDown UIInterfaceOrientationLandscapeLeft UIInterfaceOrientationLandscapeRight";
				INFOPLIST_KEY_UISupportedInterfaceOrientations_iPhone = "UIInterfaceOrientationPortrait UIInterfaceOrientationLandscapeLeft UIInterfaceOrientationLandscapeRight";
				IPHONEOS_DEPLOYMENT_TARGET = 17.0;
				LD_RUNPATH_SEARCH_PATHS = "@executable_path/Frameworks";
				"LD_RUNPATH_SEARCH_PATHS[sdk=macosx*]" = "@executable_path/../Frameworks";
				MACOSX_DEPLOYMENT_TARGET = 13.5;
				MARKETING_VERSION = 1.0;
				PRODUCT_BUNDLE_IDENTIFIER = no.nrk.WeatherVibes;
				PRODUCT_NAME = "$(TARGET_NAME)";
				SDKROOT = auto;
				SUPPORTED_PLATFORMS = "iphoneos iphonesimulator macosx";
				SWIFT_EMIT_LOC_STRINGS = YES;
				SWIFT_VERSION = 5.0;
				TARGETED_DEVICE_FAMILY = "1,2";
			};
			name = Debug;
		};
		678466712ACC2902002A2371 /* Release */ = {
			isa = XCBuildConfiguration;
			buildSettings = {
				ASSETCATALOG_COMPILER_APPICON_NAME = AppIcon;
				ASSETCATALOG_COMPILER_GLOBAL_ACCENT_COLOR_NAME = AccentColor;
				CODE_SIGN_ENTITLEMENTS = WeatherVibes/WeatherVibes.entitlements;
				CODE_SIGN_STYLE = Automatic;
				CURRENT_PROJECT_VERSION = 1;
				DEVELOPMENT_ASSET_PATHS = "\"WeatherVibes/Preview Content\"";
				DEVELOPMENT_TEAM = 3VTRE2U565;
				ENABLE_HARDENED_RUNTIME = YES;
				ENABLE_PREVIEWS = YES;
				GENERATE_INFOPLIST_FILE = YES;
				INFOPLIST_FILE = WeatherVibes/Info.plist;
				INFOPLIST_KEY_NSLocationAlwaysAndWhenInUseUsageDescription = "\"Vi trenger din lokasjon for å hente været der du er, akkurat nå.\"";
				"INFOPLIST_KEY_UIApplicationSceneManifest_Generation[sdk=iphoneos*]" = YES;
				"INFOPLIST_KEY_UIApplicationSceneManifest_Generation[sdk=iphonesimulator*]" = YES;
				"INFOPLIST_KEY_UIApplicationSupportsIndirectInputEvents[sdk=iphoneos*]" = YES;
				"INFOPLIST_KEY_UIApplicationSupportsIndirectInputEvents[sdk=iphonesimulator*]" = YES;
				"INFOPLIST_KEY_UILaunchScreen_Generation[sdk=iphoneos*]" = YES;
				"INFOPLIST_KEY_UILaunchScreen_Generation[sdk=iphonesimulator*]" = YES;
				"INFOPLIST_KEY_UIStatusBarStyle[sdk=iphoneos*]" = UIStatusBarStyleDefault;
				"INFOPLIST_KEY_UIStatusBarStyle[sdk=iphonesimulator*]" = UIStatusBarStyleDefault;
				INFOPLIST_KEY_UISupportedInterfaceOrientations_iPad = "UIInterfaceOrientationPortrait UIInterfaceOrientationPortraitUpsideDown UIInterfaceOrientationLandscapeLeft UIInterfaceOrientationLandscapeRight";
				INFOPLIST_KEY_UISupportedInterfaceOrientations_iPhone = "UIInterfaceOrientationPortrait UIInterfaceOrientationLandscapeLeft UIInterfaceOrientationLandscapeRight";
				IPHONEOS_DEPLOYMENT_TARGET = 17.0;
				LD_RUNPATH_SEARCH_PATHS = "@executable_path/Frameworks";
				"LD_RUNPATH_SEARCH_PATHS[sdk=macosx*]" = "@executable_path/../Frameworks";
				MACOSX_DEPLOYMENT_TARGET = 13.5;
				MARKETING_VERSION = 1.0;
				PRODUCT_BUNDLE_IDENTIFIER = no.nrk.WeatherVibes;
				PRODUCT_NAME = "$(TARGET_NAME)";
				SDKROOT = auto;
				SUPPORTED_PLATFORMS = "iphoneos iphonesimulator macosx";
				SWIFT_EMIT_LOC_STRINGS = YES;
				SWIFT_VERSION = 5.0;
				TARGETED_DEVICE_FAMILY = "1,2";
			};
			name = Release;
		};
/* End XCBuildConfiguration section */

/* Begin XCConfigurationList section */
		6784665B2ACC2901002A2371 /* Build configuration list for PBXProject "WeatherVibes" */ = {
			isa = XCConfigurationList;
			buildConfigurations = (
				6784666D2ACC2902002A2371 /* Debug */,
				6784666E2ACC2902002A2371 /* Release */,
			);
			defaultConfigurationIsVisible = 0;
			defaultConfigurationName = Release;
		};
		6784666F2ACC2902002A2371 /* Build configuration list for PBXNativeTarget "WeatherVibes" */ = {
			isa = XCConfigurationList;
			buildConfigurations = (
				678466702ACC2902002A2371 /* Debug */,
				678466712ACC2902002A2371 /* Release */,
			);
			defaultConfigurationIsVisible = 0;
			defaultConfigurationName = Release;
		};
/* End XCConfigurationList section */
	};
	rootObject = 678466582ACC2901002A2371 /* Project object */;
}
